{
  "nodes": {
    "flakelight": {
      "inputs": {
        "nixpkgs": [
          "nixpkgs"
        ]
      },
      "locked": {
        "lastModified": 1761636064,
        "narHash": "sha256-xAbEYL5gqPnBfXOIGToPjF6E0n9RSe8YJ6E2/ePrPaM=",
        "owner": "nix-community",
        "repo": "flakelight",
        "rev": "2c621bc66465c457b64b016bb00d575ff2e51094",
        "type": "github"
      },
      "original": {
        "owner": "nix-community",
        "repo": "flakelight",
        "type": "github"
      }
    },
    "nixpkgs": {
      "locked": {
        "lastModified": 1761668703,
        "narHash": "sha256-O9y1m6dmAzyIpTDGHPmmAEkt/hmIvuvtjyqIKAgNDAY=",
        "owner": "llamato",
        "repo": "nixpkgs",
        "rev": "c5889de4e181127707fdaf527d682c9d2c7410a9",
        "type": "github"
      },
      "original": {
        "owner": "llamato",
        "ref": "master",
        "repo": "nixpkgs",
        "type": "github"
      }
    },
    "root": {
      "inputs": {
        "flakelight": "flakelight",
        "nixpkgs": "nixpkgs",
        "systems": "systems"
      }
    },
    "systems": {
      "locked": {
        "lastModified": 1681028828,
        "narHash": "sha256-Vy1rq5AaRuLzOxct8nz4T6wlgyUR7zLU309k9mBC768=",
        "owner": "nix-systems",
        "repo": "default",
        "rev": "da67096a3b9bf56a91d16901293e51ba5b49a27e",
        "type": "github"
      },
      "original": {
        "owner": "nix-systems",
        "repo": "default",
        "type": "github"
      }
    }
  },
  "root": "root",
  "version": 7
}
